// !$*UTF8*$!
{
	archiveVersion = 1;
	classes = {
	};
	objectVersion = 56;
	objects = {

/* Begin PBXBuildFile section */
		A25FFCFC2BC44084006D077B /* TodoListApp.swift in Sources */ = {isa = PBXBuildFile; fileRef = A25FFCFB2BC44084006D077B /* TodoListApp.swift */; };
		A25FFCFE2BC44084006D077B /* ContentView.swift in Sources */ = {isa = PBXBuildFile; fileRef = A25FFCFD2BC44084006D077B /* ContentView.swift */; };
		A25FFD002BC44085006D077B /* Assets.xcassets in Resources */ = {isa = PBXBuildFile; fileRef = A25FFCFF2BC44085006D077B /* Assets.xcassets */; };
		A25FFD032BC44085006D077B /* Preview Assets.xcassets in Resources */ = {isa = PBXBuildFile; fileRef = A25FFD022BC44085006D077B /* Preview Assets.xcassets */; };
		A25FFD0D2BC44086006D077B /* TodoListTests.swift in Sources */ = {isa = PBXBuildFile; fileRef = A25FFD0C2BC44086006D077B /* TodoListTests.swift */; };
		A25FFD172BC44086006D077B /* TodoListUITests.swift in Sources */ = {isa = PBXBuildFile; fileRef = A25FFD162BC44086006D077B /* TodoListUITests.swift */; };
		A25FFD192BC44086006D077B /* TodoListUITestsLaunchTests.swift in Sources */ = {isa = PBXBuildFile; fileRef = A25FFD182BC44086006D077B /* TodoListUITestsLaunchTests.swift */; };
/* End PBXBuildFile section */

/* Begin PBXContainerItemProxy section */
		A25FFD092BC44086006D077B /* PBXContainerItemProxy */ = {
			isa = PBXContainerItemProxy;
			containerPortal = A25FFCF02BC44084006D077B /* Project object */;
			proxyType = 1;
			remoteGlobalIDString = A25FFCF72BC44084006D077B;
			remoteInfo = TodoList;
		};
		A25FFD132BC44086006D077B /* PBXContainerItemProxy */ = {
			isa = PBXContainerItemProxy;
			containerPortal = A25FFCF02BC44084006D077B /* Project object */;
			proxyType = 1;
			remoteGlobalIDString = A25FFCF72BC44084006D077B;
			remoteInfo = TodoList;
		};
/* End PBXContainerItemProxy section */

/* Begin PBXFileReference section */
		A25FFCF82BC44084006D077B /* TodoList.app */ = {isa = PBXFileReference; explicitFileType = wrapper.application; includeInIndex = 0; path = TodoList.app; sourceTree = BUILT_PRODUCTS_DIR; };
		A25FFCFB2BC44084006D077B /* TodoListApp.swift */ = {isa = PBXFileReference; lastKnownFileType = sourcecode.swift; path = TodoListApp.swift; sourceTree = "<group>"; };
		A25FFCFD2BC44084006D077B /* ContentView.swift */ = {isa = PBXFileReference; lastKnownFileType = sourcecode.swift; path = ContentView.swift; sourceTree = "<group>"; };
		A25FFCFF2BC44085006D077B /* Assets.xcassets */ = {isa = PBXFileReference; lastKnownFileType = folder.assetcatalog; path = Assets.xcassets; sourceTree = "<group>"; };
		A25FFD022BC44085006D077B /* Preview Assets.xcassets */ = {isa = PBXFileReference; lastKnownFileType = folder.assetcatalog; path = "Preview Assets.xcassets"; sourceTree = "<group>"; };
		A25FFD082BC44086006D077B /* TodoListTests.xctest */ = {isa = PBXFileReference; explicitFileType = wrapper.cfbundle; includeInIndex = 0; path = TodoListTests.xctest; sourceTree = BUILT_PRODUCTS_DIR; };
		A25FFD0C2BC44086006D077B /* TodoListTests.swift */ = {isa = PBXFileReference; lastKnownFileType = sourcecode.swift; path = TodoListTests.swift; sourceTree = "<group>"; };
		A25FFD122BC44086006D077B /* TodoListUITests.xctest */ = {isa = PBXFileReference; explicitFileType = wrapper.cfbundle; includeInIndex = 0; path = TodoListUITests.xctest; sourceTree = BUILT_PRODUCTS_DIR; };
		A25FFD162BC44086006D077B /* TodoListUITests.swift */ = {isa = PBXFileReference; lastKnownFileType = sourcecode.swift; path = TodoListUITests.swift; sourceTree = "<group>"; };
		A25FFD182BC44086006D077B /* TodoListUITestsLaunchTests.swift */ = {isa = PBXFileReference; lastKnownFileType = sourcecode.swift; path = TodoListUITestsLaunchTests.swift; sourceTree = "<group>"; };
/* End PBXFileReference section */

/* Begin PBXFrameworksBuildPhase section */
		A25FFCF52BC44084006D077B /* Frameworks */ = {
			isa = PBXFrameworksBuildPhase;
			buildActionMask = 2147483647;
			files = (
			);
			runOnlyForDeploymentPostprocessing = 0;
		};
		A25FFD052BC44086006D077B /* Frameworks */ = {
			isa = PBXFrameworksBuildPhase;
			buildActionMask = 2147483647;
			files = (
			);
			runOnlyForDeploymentPostprocessing = 0;
		};
		A25FFD0F2BC44086006D077B /* Frameworks */ = {
			isa = PBXFrameworksBuildPhase;
			buildActionMask = 2147483647;
			files = (
			);
			runOnlyForDeploymentPostprocessing = 0;
		};
/* End PBXFrameworksBuildPhase section */

/* Begin PBXGroup section */
		A25FFCEF2BC44084006D077B = {
			isa = PBXGroup;
			children = (
				A25FFCFA2BC44084006D077B /* TodoList */,
				A25FFD0B2BC44086006D077B /* TodoListTests */,
				A25FFD152BC44086006D077B /* TodoListUITests */,
				A25FFCF92BC44084006D077B /* Products */,
			);
			sourceTree = "<group>";
		};
		A25FFCF92BC44084006D077B /* Products */ = {
			isa = PBXGroup;
			children = (
				A25FFCF82BC44084006D077B /* TodoList.app */,
				A25FFD082BC44086006D077B /* TodoListTests.xctest */,
				A25FFD122BC44086006D077B /* TodoListUITests.xctest */,
			);
			name = Products;
			sourceTree = "<group>";
		};
		A25FFCFA2BC44084006D077B /* TodoList */ = {
			isa = PBXGroup;
			children = (
				A25FFCFB2BC44084006D077B /* TodoListApp.swift */,
				A25FFCFD2BC44084006D077B /* ContentView.swift */,
				A25FFCFF2BC44085006D077B /* Assets.xcassets */,
				A25FFD012BC44085006D077B /* Preview Content */,
			);
			path = TodoList;
			sourceTree = "<group>";
		};
		A25FFD012BC44085006D077B /* Preview Content */ = {
			isa = PBXGroup;
			children = (
				A25FFD022BC44085006D077B /* Preview Assets.xcassets */,
			);
			path = "Preview Content";
			sourceTree = "<group>";
		};
		A25FFD0B2BC44086006D077B /* TodoListTests */ = {
			isa = PBXGroup;
			children = (
				A25FFD0C2BC44086006D077B /* TodoListTests.swift */,
			);
			path = TodoListTests;
			sourceTree = "<group>";
		};
		A25FFD152BC44086006D077B /* TodoListUITests */ = {
			isa = PBXGroup;
			children = (
				A25FFD162BC44086006D077B /* TodoListUITests.swift */,
				A25FFD182BC44086006D077B /* TodoListUITestsLaunchTests.swift */,
			);
			path = TodoListUITests;
			sourceTree = "<group>";
		};
/* End PBXGroup section */

/* Begin PBXNativeTarget section */
		A25FFCF72BC44084006D077B /* TodoList */ = {
			isa = PBXNativeTarget;
			buildConfigurationList = A25FFD1C2BC44086006D077B /* Build configuration list for PBXNativeTarget "TodoList" */;
			buildPhases = (
				A25FFCF42BC44084006D077B /* Sources */,
				A25FFCF52BC44084006D077B /* Frameworks */,
				A25FFCF62BC44084006D077B /* Resources */,
			);
			buildRules = (
			);
			dependencies = (
			);
			name = TodoList;
			productName = TodoList;
			productReference = A25FFCF82BC44084006D077B /* TodoList.app */;
			productType = "com.apple.product-type.application";
		};
		A25FFD072BC44086006D077B /* TodoListTests */ = {
			isa = PBXNativeTarget;
			buildConfigurationList = A25FFD1F2BC44086006D077B /* Build configuration list for PBXNativeTarget "TodoListTests" */;
			buildPhases = (
				A25FFD042BC44086006D077B /* Sources */,
				A25FFD052BC44086006D077B /* Frameworks */,
				A25FFD062BC44086006D077B /* Resources */,
			);
			buildRules = (
			);
			dependencies = (
				A25FFD0A2BC44086006D077B /* PBXTargetDependency */,
			);
			name = TodoListTests;
			productName = TodoListTests;
			productReference = A25FFD082BC44086006D077B /* TodoListTests.xctest */;
			productType = "com.apple.product-type.bundle.unit-test";
		};
		A25FFD112BC44086006D077B /* TodoListUITests */ = {
			isa = PBXNativeTarget;
			buildConfigurationList = A25FFD222BC44086006D077B /* Build configuration list for PBXNativeTarget "TodoListUITests" */;
			buildPhases = (
				A25FFD0E2BC44086006D077B /* Sources */,
				A25FFD0F2BC44086006D077B /* Frameworks */,
				A25FFD102BC44086006D077B /* Resources */,
			);
			buildRules = (
			);
			dependencies = (
				A25FFD142BC44086006D077B /* PBXTargetDependency */,
			);
			name = TodoListUITests;
			productName = TodoListUITests;
			productReference = A25FFD122BC44086006D077B /* TodoListUITests.xctest */;
			productType = "com.apple.product-type.bundle.ui-testing";
		};
/* End PBXNativeTarget section */

/* Begin PBXProject section */
		A25FFCF02BC44084006D077B /* Project object */ = {
			isa = PBXProject;
			attributes = {
				BuildIndependentTargetsInParallel = 1;
				LastSwiftUpdateCheck = 1530;
				LastUpgradeCheck = 1530;
				TargetAttributes = {
					A25FFCF72BC44084006D077B = {
						CreatedOnToolsVersion = 15.3;
					};
					A25FFD072BC44086006D077B = {
						CreatedOnToolsVersion = 15.3;
						TestTargetID = A25FFCF72BC44084006D077B;
					};
					A25FFD112BC44086006D077B = {
						CreatedOnToolsVersion = 15.3;
						TestTargetID = A25FFCF72BC44084006D077B;
					};
				};
			};
			buildConfigurationList = A25FFCF32BC44084006D077B /* Build configuration list for PBXProject "TodoList" */;
			compatibilityVersion = "Xcode 14.0";
			developmentRegion = en;
			hasScannedForEncodings = 0;
			knownRegions = (
				en,
				Base,
			);
			mainGroup = A25FFCEF2BC44084006D077B;
			productRefGroup = A25FFCF92BC44084006D077B /* Products */;
			projectDirPath = "";
			projectRoot = "";
			targets = (
				A25FFCF72BC44084006D077B /* TodoList */,
				A25FFD072BC44086006D077B /* TodoListTests */,
				A25FFD112BC44086006D077B /* TodoListUITests */,
			);
		};
/* End PBXProject section */

/* Begin PBXResourcesBuildPhase section */
		A25FFCF62BC44084006D077B /* Resources */ = {
			isa = PBXResourcesBuildPhase;
			buildActionMask = 2147483647;
			files = (
				A25FFD032BC44085006D077B /* Preview Assets.xcassets in Resources */,
				A25FFD002BC44085006D077B /* Assets.xcassets in Resources */,
			);
			runOnlyForDeploymentPostprocessing = 0;
		};
		A25FFD062BC44086006D077B /* Resources */ = {
			isa = PBXResourcesBuildPhase;
			buildActionMask = 2147483647;
			files = (
			);
			runOnlyForDeploymentPostprocessing = 0;
		};
		A25FFD102BC44086006D077B /* Resources */ = {
			isa = PBXResourcesBuildPhase;
			buildActionMask = 2147483647;
			files = (
			);
			runOnlyForDeploymentPostprocessing = 0;
		};
/* End PBXResourcesBuildPhase section */

/* Begin PBXSourcesBuildPhase section */
		A25FFCF42BC44084006D077B /* Sources */ = {
			isa = PBXSourcesBuildPhase;
			buildActionMask = 2147483647;
			files = (
				A25FFCFE2BC44084006D077B /* ContentView.swift in Sources */,
				A25FFCFC2BC44084006D077B /* TodoListApp.swift in Sources */,
			);
			runOnlyForDeploymentPostprocessing = 0;
		};
		A25FFD042BC44086006D077B /* Sources */ = {
			isa = PBXSourcesBuildPhase;
			buildActionMask = 2147483647;
			files = (
				A25FFD0D2BC44086006D077B /* TodoListTests.swift in Sources */,
			);
			runOnlyForDeploymentPostprocessing = 0;
		};
		A25FFD0E2BC44086006D077B /* Sources */ = {
			isa = PBXSourcesBuildPhase;
			buildActionMask = 2147483647;
			files = (
				A25FFD192BC44086006D077B /* TodoListUITestsLaunchTests.swift in Sources */,
				A25FFD172BC44086006D077B /* TodoListUITests.swift in Sources */,
			);
			runOnlyForDeploymentPostprocessing = 0;
		};
/* End PBXSourcesBuildPhase section */

/* Begin PBXTargetDependency section */
		A25FFD0A2BC44086006D077B /* PBXTargetDependency */ = {
			isa = PBXTargetDependency;
			target = A25FFCF72BC44084006D077B /* TodoList */;
			targetProxy = A25FFD092BC44086006D077B /* PBXContainerItemProxy */;
		};
		A25FFD142BC44086006D077B /* PBXTargetDependency */ = {
			isa = PBXTargetDependency;
			target = A25FFCF72BC44084006D077B /* TodoList */;
			targetProxy = A25FFD132BC44086006D077B /* PBXContainerItemProxy */;
		};
/* End PBXTargetDependency section */

/* Begin XCBuildConfiguration section */
		A25FFD1A2BC44086006D077B /* Debug */ = {
			isa = XCBuildConfiguration;
			buildSettings = {
				ALWAYS_SEARCH_USER_PATHS = NO;
				ASSETCATALOG_COMPILER_GENERATE_SWIFT_ASSET_SYMBOL_EXTENSIONS = YES;
				CLANG_ANALYZER_NONNULL = YES;
				CLANG_ANALYZER_NUMBER_OBJECT_CONVERSION = YES_AGGRESSIVE;
				CLANG_CXX_LANGUAGE_STANDARD = "gnu++20";
				CLANG_ENABLE_MODULES = YES;
				CLANG_ENABLE_OBJC_ARC = YES;
				CLANG_ENABLE_OBJC_WEAK = YES;
				CLANG_WARN_BLOCK_CAPTURE_AUTORELEASING = YES;
				CLANG_WARN_BOOL_CONVERSION = YES;
				CLANG_WARN_COMMA = YES;
				CLANG_WARN_CONSTANT_CONVERSION = YES;
				CLANG_WARN_DEPRECATED_OBJC_IMPLEMENTATIONS = YES;
				CLANG_WARN_DIRECT_OBJC_ISA_USAGE = YES_ERROR;
				CLANG_WARN_DOCUMENTATION_COMMENTS = YES;
				CLANG_WARN_EMPTY_BODY = YES;
				CLANG_WARN_ENUM_CONVERSION = YES;
				CLANG_WARN_INFINITE_RECURSION = YES;
				CLANG_WARN_INT_CONVERSION = YES;
				CLANG_WARN_NON_LITERAL_NULL_CONVERSION = YES;
				CLANG_WARN_OBJC_IMPLICIT_RETAIN_SELF = YES;
				CLANG_WARN_OBJC_LITERAL_CONVERSION = YES;
				CLANG_WARN_OBJC_ROOT_CLASS = YES_ERROR;
				CLANG_WARN_QUOTED_INCLUDE_IN_FRAMEWORK_HEADER = YES;
				CLANG_WARN_RANGE_LOOP_ANALYSIS = YES;
				CLANG_WARN_STRICT_PROTOTYPES = YES;
				CLANG_WARN_SUSPICIOUS_MOVE = YES;
				CLANG_WARN_UNGUARDED_AVAILABILITY = YES_AGGRESSIVE;
				CLANG_WARN_UNREACHABLE_CODE = YES;
				CLANG_WARN__DUPLICATE_METHOD_MATCH = YES;
				COPY_PHASE_STRIP = NO;
				DEBUG_INFORMATION_FORMAT = dwarf;
				ENABLE_STRICT_OBJC_MSGSEND = YES;
				ENABLE_TESTABILITY = YES;
				ENABLE_USER_SCRIPT_SANDBOXING = YES;
				GCC_C_LANGUAGE_STANDARD = gnu17;
				GCC_DYNAMIC_NO_PIC = NO;
				GCC_NO_COMMON_BLOCKS = YES;
				GCC_OPTIMIZATION_LEVEL = 0;
				GCC_PREPROCESSOR_DEFINITIONS = (
					"DEBUG=1",
					"$(inherited)",
				);
				GCC_WARN_64_TO_32_BIT_CONVERSION = YES;
				GCC_WARN_ABOUT_RETURN_TYPE = YES_ERROR;
				GCC_WARN_UNDECLARED_SELECTOR = YES;
				GCC_WARN_UNINITIALIZED_AUTOS = YES_AGGRESSIVE;
				GCC_WARN_UNUSED_FUNCTION = YES;
				GCC_WARN_UNUSED_VARIABLE = YES;
				IPHONEOS_DEPLOYMENT_TARGET = 17.4;
				LOCALIZATION_PREFERS_STRING_CATALOGS = YES;
				MTL_ENABLE_DEBUG_INFO = INCLUDE_SOURCE;
				MTL_FAST_MATH = YES;
				ONLY_ACTIVE_ARCH = YES;
				SDKROOT = iphoneos;
				SWIFT_ACTIVE_COMPILATION_CONDITIONS = "DEBUG $(inherited)";
				SWIFT_OPTIMIZATION_LEVEL = "-Onone";
			};
			name = Debug;
		};
		A25FFD1B2BC44086006D077B /* Release */ = {
			isa = XCBuildConfiguration;
			buildSettings = {
				ALWAYS_SEARCH_USER_PATHS = NO;
				ASSETCATALOG_COMPILER_GENERATE_SWIFT_ASSET_SYMBOL_EXTENSIONS = YES;
				CLANG_ANALYZER_NONNULL = YES;
				CLANG_ANALYZER_NUMBER_OBJECT_CONVERSION = YES_AGGRESSIVE;
				CLANG_CXX_LANGUAGE_STANDARD = "gnu++20";
				CLANG_ENABLE_MODULES = YES;
				CLANG_ENABLE_OBJC_ARC = YES;
				CLANG_ENABLE_OBJC_WEAK = YES;
				CLANG_WARN_BLOCK_CAPTURE_AUTORELEASING = YES;
				CLANG_WARN_BOOL_CONVERSION = YES;
				CLANG_WARN_COMMA = YES;
				CLANG_WARN_CONSTANT_CONVERSION = YES;
				CLANG_WARN_DEPRECATED_OBJC_IMPLEMENTATIONS = YES;
				CLANG_WARN_DIRECT_OBJC_ISA_USAGE = YES_ERROR;
				CLANG_WARN_DOCUMENTATION_COMMENTS = YES;
				CLANG_WARN_EMPTY_BODY = YES;
				CLANG_WARN_ENUM_CONVERSION = YES;
				CLANG_WARN_INFINITE_RECURSION = YES;
				CLANG_WARN_INT_CONVERSION = YES;
				CLANG_WARN_NON_LITERAL_NULL_CONVERSION = YES;
				CLANG_WARN_OBJC_IMPLICIT_RETAIN_SELF = YES;
				CLANG_WARN_OBJC_LITERAL_CONVERSION = YES;
				CLANG_WARN_OBJC_ROOT_CLASS = YES_ERROR;
				CLANG_WARN_QUOTED_INCLUDE_IN_FRAMEWORK_HEADER = YES;
				CLANG_WARN_RANGE_LOOP_ANALYSIS = YES;
				CLANG_WARN_STRICT_PROTOTYPES = YES;
				CLANG_WARN_SUSPICIOUS_MOVE = YES;
				CLANG_WARN_UNGUARDED_AVAILABILITY = YES_AGGRESSIVE;
				CLANG_WARN_UNREACHABLE_CODE = YES;
				CLANG_WARN__DUPLICATE_METHOD_MATCH = YES;
				COPY_PHASE_STRIP = NO;
				DEBUG_INFORMATION_FORMAT = "dwarf-with-dsym";
				ENABLE_NS_ASSERTIONS = NO;
				ENABLE_STRICT_OBJC_MSGSEND = YES;
				ENABLE_USER_SCRIPT_SANDBOXING = YES;
				GCC_C_LANGUAGE_STANDARD = gnu17;
				GCC_NO_COMMON_BLOCKS = YES;
				GCC_WARN_64_TO_32_BIT_CONVERSION = YES;
				GCC_WARN_ABOUT_RETURN_TYPE = YES_ERROR;
				GCC_WARN_UNDECLARED_SELECTOR = YES;
				GCC_WARN_UNINITIALIZED_AUTOS = YES_AGGRESSIVE;
				GCC_WARN_UNUSED_FUNCTION = YES;
				GCC_WARN_UNUSED_VARIABLE = YES;
				IPHONEOS_DEPLOYMENT_TARGET = 17.4;
				LOCALIZATION_PREFERS_STRING_CATALOGS = YES;
				MTL_ENABLE_DEBUG_INFO = NO;
				MTL_FAST_MATH = YES;
				SDKROOT = iphoneos;
				SWIFT_COMPILATION_MODE = wholemodule;
				VALIDATE_PRODUCT = YES;
			};
			name = Release;
		};
		A25FFD1D2BC44086006D077B /* Debug */ = {
			isa = XCBuildConfiguration;
			buildSettings = {
				ASSETCATALOG_COMPILER_APPICON_NAME = AppIcon;
				ASSETCATALOG_COMPILER_GLOBAL_ACCENT_COLOR_NAME = AccentColor;
				CODE_SIGN_STYLE = Automatic;
				CURRENT_PROJECT_VERSION = 1;
				DEVELOPMENT_ASSET_PATHS = "\"TodoList/Preview Content\"";
				DEVELOPMENT_TEAM = 895F6NWJ4A;
				ENABLE_PREVIEWS = YES;
				GENERATE_INFOPLIST_FILE = YES;
				INFOPLIST_KEY_UIApplicationSceneManifest_Generation = YES;
				INFOPLIST_KEY_UIApplicationSupportsIndirectInputEvents = YES;
				INFOPLIST_KEY_UILaunchScreen_Generation = YES;
				INFOPLIST_KEY_UISupportedInterfaceOrientations_iPad = "UIInterfaceOrientationPortrait UIInterfaceOrientationPortraitUpsideDown UIInterfaceOrientationLandscapeLeft UIInterfaceOrientationLandscapeRight";
				INFOPLIST_KEY_UISupportedInterfaceOrientations_iPhone = "UIInterfaceOrientationPortrait UIInterfaceOrientationLandscapeLeft UIInterfaceOrientationLandscapeRight";
				LD_RUNPATH_SEARCH_PATHS = (
					"$(inherited)",
					"@executable_path/Frameworks",
				);
				MARKETING_VERSION = 1.0;
				PRODUCT_BUNDLE_IDENTIFIER = m.TodoList;
				PRODUCT_NAME = "$(TARGET_NAME)";
				SWIFT_EMIT_LOC_STRINGS = YES;
				SWIFT_VERSION = 5.0;
				TARGETED_DEVICE_FAMILY = "1,2";
			};
			name = Debug;
		};
		A25FFD1E2BC44086006D077B /* Release */ = {
			isa = XCBuildConfiguration;
			buildSettings = {
				ASSETCATALOG_COMPILER_APPICON_NAME = AppIcon;
				ASSETCATALOG_COMPILER_GLOBAL_ACCENT_COLOR_NAME = AccentColor;
				CODE_SIGN_STYLE = Automatic;
				CURRENT_PROJECT_VERSION = 1;
				DEVELOPMENT_ASSET_PATHS = "\"TodoList/Preview Content\"";
				DEVELOPMENT_TEAM = 895F6NWJ4A;
				ENABLE_PREVIEWS = YES;
				GENERATE_INFOPLIST_FILE = YES;
				INFOPLIST_KEY_UIApplicationSceneManifest_Generation = YES;
				INFOPLIST_KEY_UIApplicationSupportsIndirectInputEvents = YES;
				INFOPLIST_KEY_UILaunchScreen_Generation = YES;
				INFOPLIST_KEY_UISupportedInterfaceOrientations_iPad = "UIInterfaceOrientationPortrait UIInterfaceOrientationPortraitUpsideDown UIInterfaceOrientationLandscapeLeft UIInterfaceOrientationLandscapeRight";
				INFOPLIST_KEY_UISupportedInterfaceOrientations_iPhone = "UIInterfaceOrientationPortrait UIInterfaceOrientationLandscapeLeft UIInterfaceOrientationLandscapeRight";
				LD_RUNPATH_SEARCH_PATHS = (
					"$(inherited)",
					"@executable_path/Frameworks",
				);
				MARKETING_VERSION = 1.0;
				PRODUCT_BUNDLE_IDENTIFIER = m.TodoList;
				PRODUCT_NAME = "$(TARGET_NAME)";
				SWIFT_EMIT_LOC_STRINGS = YES;
				SWIFT_VERSION = 5.0;
				TARGETED_DEVICE_FAMILY = "1,2";
			};
			name = Release;
		};
		A25FFD202BC44086006D077B /* Debug */ = {
			isa = XCBuildConfiguration;
			buildSettings = {
				ALWAYS_EMBED_SWIFT_STANDARD_LIBRARIES = YES;
				BUNDLE_LOADER = "$(TEST_HOST)";
				CODE_SIGN_STYLE = Automatic;
				CURRENT_PROJECT_VERSION = 1;
				DEVELOPMENT_TEAM = 895F6NWJ4A;
				GENERATE_INFOPLIST_FILE = YES;
				IPHONEOS_DEPLOYMENT_TARGET = 17.4;
				MARKETING_VERSION = 1.0;
				PRODUCT_BUNDLE_IDENTIFIER = m.TodoListTests;
				PRODUCT_NAME = "$(TARGET_NAME)";
				SWIFT_EMIT_LOC_STRINGS = NO;
				SWIFT_VERSION = 5.0;
				TARGETED_DEVICE_FAMILY = "1,2";
				TEST_HOST = "$(BUILT_PRODUCTS_DIR)/TodoList.app/$(BUNDLE_EXECUTABLE_FOLDER_PATH)/TodoList";
			};
			name = Debug;
		};
		A25FFD212BC44086006D077B /* Release */ = {
			isa = XCBuildConfiguration;
			buildSettings = {
				ALWAYS_EMBED_SWIFT_STANDARD_LIBRARIES = YES;
				BUNDLE_LOADER = "$(TEST_HOST)";
				CODE_SIGN_STYLE = Automatic;
				CURRENT_PROJECT_VERSION = 1;
				DEVELOPMENT_TEAM = 895F6NWJ4A;
				GENERATE_INFOPLIST_FILE = YES;
				IPHONEOS_DEPLOYMENT_TARGET = 17.4;
				MARKETING_VERSION = 1.0;
				PRODUCT_BUNDLE_IDENTIFIER = m.TodoListTests;
				PRODUCT_NAME = "$(TARGET_NAME)";
				SWIFT_EMIT_LOC_STRINGS = NO;
				SWIFT_VERSION = 5.0;
				TARGETED_DEVICE_FAMILY = "1,2";
				TEST_HOST = "$(BUILT_PRODUCTS_DIR)/TodoList.app/$(BUNDLE_EXECUTABLE_FOLDER_PATH)/TodoList";
			};
			name = Release;
		};
		A25FFD232BC44086006D077B /* Debug */ = {
			isa = XCBuildConfiguration;
			buildSettings = {
				ALWAYS_EMBED_SWIFT_STANDARD_LIBRARIES = YES;
				CODE_SIGN_STYLE = Automatic;
				CURRENT_PROJECT_VERSION = 1;
				DEVELOPMENT_TEAM = 895F6NWJ4A;
				GENERATE_INFOPLIST_FILE = YES;
				MARKETING_VERSION = 1.0;
				PRODUCT_BUNDLE_IDENTIFIER = m.TodoListUITests;
				PRODUCT_NAME = "$(TARGET_NAME)";
				SWIFT_EMIT_LOC_STRINGS = NO;
				SWIFT_VERSION = 5.0;
				TARGETED_DEVICE_FAMILY = "1,2";
				TEST_TARGET_NAME = TodoList;
			};
			name = Debug;
		};
		A25FFD242BC44086006D077B /* Release */ = {
			isa = XCBuildConfiguration;
			buildSettings = {
				ALWAYS_EMBED_SWIFT_STANDARD_LIBRARIES = YES;
				CODE_SIGN_STYLE = Automatic;
				CURRENT_PROJECT_VERSION = 1;
				DEVELOPMENT_TEAM = 895F6NWJ4A;
				GENERATE_INFOPLIST_FILE = YES;
				MARKETING_VERSION = 1.0;
				PRODUCT_BUNDLE_IDENTIFIER = m.TodoListUITests;
				PRODUCT_NAME = "$(TARGET_NAME)";
				SWIFT_EMIT_LOC_STRINGS = NO;
				SWIFT_VERSION = 5.0;
				TARGETED_DEVICE_FAMILY = "1,2";
				TEST_TARGET_NAME = TodoList;
			};
			name = Release;
		};
/* End XCBuildConfiguration section */

/* Begin XCConfigurationList section */
		A25FFCF32BC44084006D077B /* Build configuration list for PBXProject "TodoList" */ = {
			isa = XCConfigurationList;
			buildConfigurations = (
				A25FFD1A2BC44086006D077B /* Debug */,
				A25FFD1B2BC44086006D077B /* Release */,
			);
			defaultConfigurationIsVisible = 0;
			defaultConfigurationName = Release;
		};
		A25FFD1C2BC44086006D077B /* Build configuration list for PBXNativeTarget "TodoList" */ = {
			isa = XCConfigurationList;
			buildConfigurations = (
				A25FFD1D2BC44086006D077B /* Debug */,
				A25FFD1E2BC44086006D077B /* Release */,
			);
			defaultConfigurationIsVisible = 0;
			defaultConfigurationName = Release;
		};
		A25FFD1F2BC44086006D077B /* Build configuration list for PBXNativeTarget "TodoListTests" */ = {
			isa = XCConfigurationList;
			buildConfigurations = (
				A25FFD202BC44086006D077B /* Debug */,
				A25FFD212BC44086006D077B /* Release */,
			);
			defaultConfigurationIsVisible = 0;
			defaultConfigurationName = Release;
		};
		A25FFD222BC44086006D077B /* Build configuration list for PBXNativeTarget "TodoListUITests" */ = {
			isa = XCConfigurationList;
			buildConfigurations = (
				A25FFD232BC44086006D077B /* Debug */,
				A25FFD242BC44086006D077B /* Release */,
			);
			defaultConfigurationIsVisible = 0;
			defaultConfigurationName = Release;
		};
/* End XCConfigurationList section */
	};
	rootObject = A25FFCF02BC44084006D077B /* Project object */;
}
